
Microsoft Visual Studio Solution File, Format Version 12.00
# Visual Studio Version 16
VisualStudioVersion = 16.0.30114.105
MinimumVisualStudioVersion = 10.0.40219.1
Project("{2150E333-8FDC-42A3-9474-1A3956D46DE8}") = "src", "src", "{752D2F99-4EDC-4DAC-BA78-238000215F78}"
EndProject
Project("{FAE04EC0-301F-11D3-BF4B-00C04F79EFBC}") = "Api", "src\Api\Api.csproj", "{387E655D-5E37-47BE-A3E0-283BE13997F3}"
EndProject
Project("{2150E333-8FDC-42A3-9474-1A3956D46DE8}") = "tests", "tests", "{7FC40FD0-9A47-4F34-A67A-7F23BD735D24}"
EndProject
Project("{FAE04EC0-301F-11D3-BF4B-00C04F79EFBC}") = "Api.Tests", "tests\Api.Tests\Api.Tests.csproj", "{9931EE58-A061-4206-9FBB-F39BD99A2A12}"
EndProject
Global
	GlobalSection(SolutionConfigurationPlatforms) = preSolution
		Debug|Any CPU = Debug|Any CPU
		Release|Any CPU = Release|Any CPU
	EndGlobalSection
	GlobalSection(SolutionProperties) = preSolution
		HideSolutionNode = FALSE
	EndGlobalSection
	GlobalSection(ProjectConfigurationPlatforms) = postSolution
		{387E655D-5E37-47BE-A3E0-283BE13997F3}.Debug|Any CPU.ActiveCfg = Debug|Any CPU
		{387E655D-5E37-47BE-A3E0-283BE13997F3}.Debug|Any CPU.Build.0 = Debug|Any CPU
		{387E655D-5E37-47BE-A3E0-283BE13997F3}.Release|Any CPU.ActiveCfg = Release|Any CPU
		{387E655D-5E37-47BE-A3E0-283BE13997F3}.Release|Any CPU.Build.0 = Release|Any CPU
		{9931EE58-A061-4206-9FBB-F39BD99A2A12}.Debug|Any CPU.ActiveCfg = Debug|Any CPU
		{9931EE58-A061-4206-9FBB-F39BD99A2A12}.Debug|Any CPU.Build.0 = Debug|Any CPU
		{9931EE58-A061-4206-9FBB-F39BD99A2A12}.Release|Any CPU.ActiveCfg = Release|Any CPU
		{9931EE58-A061-4206-9FBB-F39BD99A2A12}.Release|Any CPU.Build.0 = Release|Any CPU
	EndGlobalSection
	GlobalSection(NestedProjects) = preSolution
		{387E655D-5E37-47BE-A3E0-283BE13997F3} = {752D2F99-4EDC-4DAC-BA78-238000215F78}
		{9931EE58-A061-4206-9FBB-F39BD99A2A12} = {7FC40FD0-9A47-4F34-A67A-7F23BD735D24}
	EndGlobalSection
EndGlobal
